
Microsoft Visual Studio Solution File, Format Version 12.00
Project("{FAE04EC0-301F-11D3-BF4B-00C04F79EFBC}") = "XamarinAdaptySDK", "XamarinAdaptySDK\XamarinAdaptySDK.csproj", "{209BCACB-9834-4A2E-BF1A-0878F9DA4518}"
EndProject
Project("{FAE04EC0-301F-11D3-BF4B-00C04F79EFBC}") = "XamarinAdaptySDK.iOS", "XamarinAdaptySDK.iOS\XamarinAdaptySDK.iOS.csproj", "{5D7BC58D-F013-4F9C-BAED-3B5DA39BC973}"
EndProject
Project("{FAE04EC0-301F-11D3-BF4B-00C04F79EFBC}") = "XamarinAdaptySDK.Android", "XamarinAdaptySDK.Android\XamarinAdaptySDK.Android.csproj", "{03578C1C-08E2-4D7D-8B1E-200751F5612D}"
EndProject
Global
	GlobalSection(SolutionConfigurationPlatforms) = preSolution
		Debug|Any CPU = Debug|Any CPU
		Release|Any CPU = Release|Any CPU
	EndGlobalSection
	GlobalSection(ProjectConfigurationPlatforms) = postSolution
		{209BCACB-9834-4A2E-BF1A-0878F9DA4518}.Debug|Any CPU.ActiveCfg = Debug|Any CPU
		{209BCACB-9834-4A2E-BF1A-0878F9DA4518}.Debug|Any CPU.Build.0 = Debug|Any CPU
		{209BCACB-9834-4A2E-BF1A-0878F9DA4518}.Release|Any CPU.ActiveCfg = Release|Any CPU
		{209BCACB-9834-4A2E-BF1A-0878F9DA4518}.Release|Any CPU.Build.0 = Release|Any CPU
		{5D7BC58D-F013-4F9C-BAED-3B5DA39BC973}.Debug|Any CPU.ActiveCfg = Debug|Any CPU
		{5D7BC58D-F013-4F9C-BAED-3B5DA39BC973}.Debug|Any CPU.Build.0 = Debug|Any CPU
		{5D7BC58D-F013-4F9C-BAED-3B5DA39BC973}.Release|Any CPU.ActiveCfg = Release|Any CPU
		{5D7BC58D-F013-4F9C-BAED-3B5DA39BC973}.Release|Any CPU.Build.0 = Release|Any CPU
		{03578C1C-08E2-4D7D-8B1E-200751F5612D}.Debug|Any CPU.ActiveCfg = Debug|Any CPU
		{03578C1C-08E2-4D7D-8B1E-200751F5612D}.Debug|Any CPU.Build.0 = Debug|Any CPU
		{03578C1C-08E2-4D7D-8B1E-200751F5612D}.Release|Any CPU.ActiveCfg = Release|Any CPU
		{03578C1C-08E2-4D7D-8B1E-200751F5612D}.Release|Any CPU.Build.0 = Release|Any CPU
	EndGlobalSection
EndGlobal
